
Microsoft Visual Studio Solution File, Format Version 12.00
# Visual Studio Version 16
VisualStudioVersion = 16.0.31911.196
MinimumVisualStudioVersion = 10.0.40219.1
Project("{FAE04EC0-301F-11D3-BF4B-00C04F79EFBC}") = "GenericDataAccesLayer", "GenericDataAccesLayer\GenericDataAccesLayer.csproj", "{F12CBE2E-7727-42F3-965C-B0F6666C075B}"
EndProject
Global
	GlobalSection(SolutionConfigurationPlatforms) = preSolution
		Debug|Any CPU = Debug|Any CPU
		Release|Any CPU = Release|Any CPU
	EndGlobalSection
	GlobalSection(ProjectConfigurationPlatforms) = postSolution
		{F12CBE2E-7727-42F3-965C-B0F6666C075B}.Debug|Any CPU.ActiveCfg = Debug|Any CPU
		{F12CBE2E-7727-42F3-965C-B0F6666C075B}.Debug|Any CPU.Build.0 = Debug|Any CPU
		{F12CBE2E-7727-42F3-965C-B0F6666C075B}.Release|Any CPU.ActiveCfg = Release|Any CPU
		{F12CBE2E-7727-42F3-965C-B0F6666C075B}.Release|Any CPU.Build.0 = Release|Any CPU
	EndGlobalSection
	GlobalSection(SolutionProperties) = preSolution
		HideSolutionNode = FALSE
	EndGlobalSection
	GlobalSection(ExtensibilityGlobals) = postSolution
		SolutionGuid = {80DE67AB-270D-4B96-A1D9-01B2342552D7}
	EndGlobalSection
EndGlobal
